
Microsoft Visual Studio Solution File, Format Version 12.00
# Visual Studio Version 17
VisualStudioVersion = 17.12.35527.113 d17.12
MinimumVisualStudioVersion = 10.0.40219.1
Project("{FAE04EC0-301F-11D3-BF4B-00C04F79EFBC}") = "ControllerLibrary", "ControllerLibrary\ControllerLibrary.csproj", "{EDD771ED-582C-4FC6-9184-F70C56ED498C}"
EndProject
Project("{FAE04EC0-301F-11D3-BF4B-00C04F79EFBC}") = "ATMConsoleView", "ATMConsoleView\ATMConsoleView.csproj", "{530843F7-B584-44B6-9048-88103BD9CF90}"
EndProject
Project("{FAE04EC0-301F-11D3-BF4B-00C04F79EFBC}") = "ATMWinFromView", "ATMWinFromView\ATMWinFromView.csproj", "{FC5AB98F-FBE3-483E-AA23-6BBCD6D27A06}"
EndProject
Global
	GlobalSection(SolutionConfigurationPlatforms) = preSolution
		Debug|Any CPU = Debug|Any CPU
		Release|Any CPU = Release|Any CPU
	EndGlobalSection
	GlobalSection(ProjectConfigurationPlatforms) = postSolution
		{EDD771ED-582C-4FC6-9184-F70C56ED498C}.Debug|Any CPU.ActiveCfg = Debug|Any CPU
		{EDD771ED-582C-4FC6-9184-F70C56ED498C}.Debug|Any CPU.Build.0 = Debug|Any CPU
		{EDD771ED-582C-4FC6-9184-F70C56ED498C}.Release|Any CPU.ActiveCfg = Release|Any CPU
		{EDD771ED-582C-4FC6-9184-F70C56ED498C}.Release|Any CPU.Build.0 = Release|Any CPU
		{530843F7-B584-44B6-9048-88103BD9CF90}.Debug|Any CPU.ActiveCfg = Debug|Any CPU
		{530843F7-B584-44B6-9048-88103BD9CF90}.Debug|Any CPU.Build.0 = Debug|Any CPU
		{530843F7-B584-44B6-9048-88103BD9CF90}.Release|Any CPU.ActiveCfg = Release|Any CPU
		{530843F7-B584-44B6-9048-88103BD9CF90}.Release|Any CPU.Build.0 = Release|Any CPU
		{FC5AB98F-FBE3-483E-AA23-6BBCD6D27A06}.Debug|Any CPU.ActiveCfg = Debug|Any CPU
		{FC5AB98F-FBE3-483E-AA23-6BBCD6D27A06}.Debug|Any CPU.Build.0 = Debug|Any CPU
		{FC5AB98F-FBE3-483E-AA23-6BBCD6D27A06}.Release|Any CPU.ActiveCfg = Release|Any CPU
		{FC5AB98F-FBE3-483E-AA23-6BBCD6D27A06}.Release|Any CPU.Build.0 = Release|Any CPU
	EndGlobalSection
	GlobalSection(SolutionProperties) = preSolution
		HideSolutionNode = FALSE
	EndGlobalSection
EndGlobal
